// !$*UTF8*$!
{
	archiveVersion = 1;
	classes = {
	};
	objectVersion = 46;
	objects = {

/* Begin PBXBuildFile section */
		E93A76CF1C5BD54E00CC2AB6 /* main.m in Sources */ = {isa = PBXBuildFile; fileRef = E93A76CE1C5BD54E00CC2AB6 /* main.m */; };
		E93A76D21C5BD54E00CC2AB6 /* AppDelegate.m in Sources */ = {isa = PBXBuildFile; fileRef = E93A76D11C5BD54E00CC2AB6 /* AppDelegate.m */; };
		E93A76D51C5BD54E00CC2AB6 /* ViewController.m in Sources */ = {isa = PBXBuildFile; fileRef = E93A76D41C5BD54E00CC2AB6 /* ViewController.m */; };
		E93A76D81C5BD54E00CC2AB6 /* Main.storyboard in Resources */ = {isa = PBXBuildFile; fileRef = E93A76D61C5BD54E00CC2AB6 /* Main.storyboard */; };
		E93A76DA1C5BD54E00CC2AB6 /* Assets.xcassets in Resources */ = {isa = PBXBuildFile; fileRef = E93A76D91C5BD54E00CC2AB6 /* Assets.xcassets */; };
		E93A76DD1C5BD54E00CC2AB6 /* LaunchScreen.storyboard in Resources */ = {isa = PBXBuildFile; fileRef = E93A76DB1C5BD54E00CC2AB6 /* LaunchScreen.storyboard */; };
		E93A76E81C5BD54E00CC2AB6 /* TestGitTests.m in Sources */ = {isa = PBXBuildFile; fileRef = E93A76E71C5BD54E00CC2AB6 /* TestGitTests.m */; };
		E93A76F31C5BD54E00CC2AB6 /* TestGitUITests.m in Sources */ = {isa = PBXBuildFile; fileRef = E93A76F21C5BD54E00CC2AB6 /* TestGitUITests.m */; };
/* End PBXBuildFile section */

/* Begin PBXContainerItemProxy section */
		E93A76E41C5BD54E00CC2AB6 /* PBXContainerItemProxy */ = {
			isa = PBXContainerItemProxy;
			containerPortal = E93A76C21C5BD54E00CC2AB6 /* Project object */;
			proxyType = 1;
			remoteGlobalIDString = E93A76C91C5BD54E00CC2AB6;
			remoteInfo = TestGit;
		};
		E93A76EF1C5BD54E00CC2AB6 /* PBXContainerItemProxy */ = {
			isa = PBXContainerItemProxy;
			containerPortal = E93A76C21C5BD54E00CC2AB6 /* Project object */;
			proxyType = 1;
			remoteGlobalIDString = E93A76C91C5BD54E00CC2AB6;
			remoteInfo = TestGit;
		};
/* End PBXContainerItemProxy section */

/* Begin PBXFileReference section */
		E93A76CA1C5BD54E00CC2AB6 /* TestGit.app */ = {isa = PBXFileReference; explicitFileType = wrapper.application; includeInIndex = 0; path = TestGit.app; sourceTree = BUILT_PRODUCTS_DIR; };
		E93A76CE1C5BD54E00CC2AB6 /* main.m */ = {isa = PBXFileReference; lastKnownFileType = sourcecode.c.objc; path = main.m; sourceTree = "<group>"; };
		E93A76D01C5BD54E00CC2AB6 /* AppDelegate.h */ = {isa = PBXFileReference; lastKnownFileType = sourcecode.c.h; path = AppDelegate.h; sourceTree = "<group>"; };
		E93A76D11C5BD54E00CC2AB6 /* AppDelegate.m */ = {isa = PBXFileReference; lastKnownFileType = sourcecode.c.objc; path = AppDelegate.m; sourceTree = "<group>"; };
		E93A76D31C5BD54E00CC2AB6 /* ViewController.h */ = {isa = PBXFileReference; lastKnownFileType = sourcecode.c.h; path = ViewController.h; sourceTree = "<group>"; };
		E93A76D41C5BD54E00CC2AB6 /* ViewController.m */ = {isa = PBXFileReference; lastKnownFileType = sourcecode.c.objc; path = ViewController.m; sourceTree = "<group>"; };
		E93A76D71C5BD54E00CC2AB6 /* Base */ = {isa = PBXFileReference; lastKnownFileType = file.storyboard; name = Base; path = Base.lproj/Main.storyboard; sourceTree = "<group>"; };
		E93A76D91C5BD54E00CC2AB6 /* Assets.xcassets */ = {isa = PBXFileReference; lastKnownFileType = folder.assetcatalog; path = Assets.xcassets; sourceTree = "<group>"; };
		E93A76DC1C5BD54E00CC2AB6 /* Base */ = {isa = PBXFileReference; lastKnownFileType = file.storyboard; name = Base; path = Base.lproj/LaunchScreen.storyboard; sourceTree = "<group>"; };
		E93A76DE1C5BD54E00CC2AB6 /* Info.plist */ = {isa = PBXFileReference; lastKnownFileType = text.plist.xml; path = Info.plist; sourceTree = "<group>"; };
		E93A76E31C5BD54E00CC2AB6 /* TestGitTests.xctest */ = {isa = PBXFileReference; explicitFileType = wrapper.cfbundle; includeInIndex = 0; path = TestGitTests.xctest; sourceTree = BUILT_PRODUCTS_DIR; };
		E93A76E71C5BD54E00CC2AB6 /* TestGitTests.m */ = {isa = PBXFileReference; lastKnownFileType = sourcecode.c.objc; path = TestGitTests.m; sourceTree = "<group>"; };
		E93A76E91C5BD54E00CC2AB6 /* Info.plist */ = {isa = PBXFileReference; lastKnownFileType = text.plist.xml; path = Info.plist; sourceTree = "<group>"; };
		E93A76EE1C5BD54E00CC2AB6 /* TestGitUITests.xctest */ = {isa = PBXFileReference; explicitFileType = wrapper.cfbundle; includeInIndex = 0; path = TestGitUITests.xctest; sourceTree = BUILT_PRODUCTS_DIR; };
		E93A76F21C5BD54E00CC2AB6 /* TestGitUITests.m */ = {isa = PBXFileReference; lastKnownFileType = sourcecode.c.objc; path = TestGitUITests.m; sourceTree = "<group>"; };
		E93A76F41C5BD54E00CC2AB6 /* Info.plist */ = {isa = PBXFileReference; lastKnownFileType = text.plist.xml; path = Info.plist; sourceTree = "<group>"; };
/* End PBXFileReference section */

/* Begin PBXFrameworksBuildPhase section */
		E93A76C71C5BD54E00CC2AB6 /* Frameworks */ = {
			isa = PBXFrameworksBuildPhase;
			buildActionMask = 2147483647;
			files = (
			);
			runOnlyForDeploymentPostprocessing = 0;
		};
		E93A76E01C5BD54E00CC2AB6 /* Frameworks */ = {
			isa = PBXFrameworksBuildPhase;
			buildActionMask = 2147483647;
			files = (
			);
			runOnlyForDeploymentPostprocessing = 0;
		};
		E93A76EB1C5BD54E00CC2AB6 /* Frameworks */ = {
			isa = PBXFrameworksBuildPhase;
			buildActionMask = 2147483647;
			files = (
			);
			runOnlyForDeploymentPostprocessing = 0;
		};
/* End PBXFrameworksBuildPhase section */

/* Begin PBXGroup section */
		E93A76C11C5BD54E00CC2AB6 = {
			isa = PBXGroup;
			children = (
				E93A76CC1C5BD54E00CC2AB6 /* TestGit */,
				E93A76E61C5BD54E00CC2AB6 /* TestGitTests */,
				E93A76F11C5BD54E00CC2AB6 /* TestGitUITests */,
				E93A76CB1C5BD54E00CC2AB6 /* Products */,
			);
			sourceTree = "<group>";
		};
		E93A76CB1C5BD54E00CC2AB6 /* Products */ = {
			isa = PBXGroup;
			children = (
				E93A76CA1C5BD54E00CC2AB6 /* TestGit.app */,
				E93A76E31C5BD54E00CC2AB6 /* TestGitTests.xctest */,
				E93A76EE1C5BD54E00CC2AB6 /* TestGitUITests.xctest */,
			);
			name = Products;
			sourceTree = "<group>";
		};
		E93A76CC1C5BD54E00CC2AB6 /* TestGit */ = {
			isa = PBXGroup;
			children = (
				E93A76D01C5BD54E00CC2AB6 /* AppDelegate.h */,
				E93A76D11C5BD54E00CC2AB6 /* AppDelegate.m */,
				E93A76D31C5BD54E00CC2AB6 /* ViewController.h */,
				E93A76D41C5BD54E00CC2AB6 /* ViewController.m */,
				E93A76D61C5BD54E00CC2AB6 /* Main.storyboard */,
				E93A76D91C5BD54E00CC2AB6 /* Assets.xcassets */,
				E93A76DB1C5BD54E00CC2AB6 /* LaunchScreen.storyboard */,
				E93A76DE1C5BD54E00CC2AB6 /* Info.plist */,
				E93A76CD1C5BD54E00CC2AB6 /* Supporting Files */,
			);
			path = TestGit;
			sourceTree = "<group>";
		};
		E93A76CD1C5BD54E00CC2AB6 /* Supporting Files */ = {
			isa = PBXGroup;
			children = (
				E93A76CE1C5BD54E00CC2AB6 /* main.m */,
			);
			name = "Supporting Files";
			sourceTree = "<group>";
		};
		E93A76E61C5BD54E00CC2AB6 /* TestGitTests */ = {
			isa = PBXGroup;
			children = (
				E93A76E71C5BD54E00CC2AB6 /* TestGitTests.m */,
				E93A76E91C5BD54E00CC2AB6 /* Info.plist */,
			);
			path = TestGitTests;
			sourceTree = "<group>";
		};
		E93A76F11C5BD54E00CC2AB6 /* TestGitUITests */ = {
			isa = PBXGroup;
			children = (
				E93A76F21C5BD54E00CC2AB6 /* TestGitUITests.m */,
				E93A76F41C5BD54E00CC2AB6 /* Info.plist */,
			);
			path = TestGitUITests;
			sourceTree = "<group>";
		};
/* End PBXGroup section */

/* Begin PBXNativeTarget section */
		E93A76C91C5BD54E00CC2AB6 /* TestGit */ = {
			isa = PBXNativeTarget;
			buildConfigurationList = E93A76F71C5BD54E00CC2AB6 /* Build configuration list for PBXNativeTarget "TestGit" */;
			buildPhases = (
				E93A76C61C5BD54E00CC2AB6 /* Sources */,
				E93A76C71C5BD54E00CC2AB6 /* Frameworks */,
				E93A76C81C5BD54E00CC2AB6 /* Resources */,
			);
			buildRules = (
			);
			dependencies = (
			);
			name = TestGit;
			productName = TestGit;
			productReference = E93A76CA1C5BD54E00CC2AB6 /* TestGit.app */;
			productType = "com.apple.product-type.application";
		};
		E93A76E21C5BD54E00CC2AB6 /* TestGitTests */ = {
			isa = PBXNativeTarget;
			buildConfigurationList = E93A76FA1C5BD54E00CC2AB6 /* Build configuration list for PBXNativeTarget "TestGitTests" */;
			buildPhases = (
				E93A76DF1C5BD54E00CC2AB6 /* Sources */,
				E93A76E01C5BD54E00CC2AB6 /* Frameworks */,
				E93A76E11C5BD54E00CC2AB6 /* Resources */,
			);
			buildRules = (
			);
			dependencies = (
				E93A76E51C5BD54E00CC2AB6 /* PBXTargetDependency */,
			);
			name = TestGitTests;
			productName = TestGitTests;
			productReference = E93A76E31C5BD54E00CC2AB6 /* TestGitTests.xctest */;
			productType = "com.apple.product-type.bundle.unit-test";
		};
		E93A76ED1C5BD54E00CC2AB6 /* TestGitUITests */ = {
			isa = PBXNativeTarget;
			buildConfigurationList = E93A76FD1C5BD54E00CC2AB6 /* Build configuration list for PBXNativeTarget "TestGitUITests" */;
			buildPhases = (
				E93A76EA1C5BD54E00CC2AB6 /* Sources */,
				E93A76EB1C5BD54E00CC2AB6 /* Frameworks */,
				E93A76EC1C5BD54E00CC2AB6 /* Resources */,
			);
			buildRules = (
			);
			dependencies = (
				E93A76F01C5BD54E00CC2AB6 /* PBXTargetDependency */,
			);
			name = TestGitUITests;
			productName = TestGitUITests;
			productReference = E93A76EE1C5BD54E00CC2AB6 /* TestGitUITests.xctest */;
			productType = "com.apple.product-type.bundle.ui-testing";
		};
/* End PBXNativeTarget section */

/* Begin PBXProject section */
		E93A76C21C5BD54E00CC2AB6 /* Project object */ = {
			isa = PBXProject;
			attributes = {
				LastUpgradeCheck = 0720;
				ORGANIZATIONNAME = Alfigren;
				TargetAttributes = {
					E93A76C91C5BD54E00CC2AB6 = {
						CreatedOnToolsVersion = 7.2;
					};
					E93A76E21C5BD54E00CC2AB6 = {
						CreatedOnToolsVersion = 7.2;
						TestTargetID = E93A76C91C5BD54E00CC2AB6;
					};
					E93A76ED1C5BD54E00CC2AB6 = {
						CreatedOnToolsVersion = 7.2;
						TestTargetID = E93A76C91C5BD54E00CC2AB6;
					};
				};
			};
			buildConfigurationList = E93A76C51C5BD54E00CC2AB6 /* Build configuration list for PBXProject "TestGit" */;
			compatibilityVersion = "Xcode 3.2";
			developmentRegion = English;
			hasScannedForEncodings = 0;
			knownRegions = (
				en,
				Base,
			);
			mainGroup = E93A76C11C5BD54E00CC2AB6;
			productRefGroup = E93A76CB1C5BD54E00CC2AB6 /* Products */;
			projectDirPath = "";
			projectRoot = "";
			targets = (
				E93A76C91C5BD54E00CC2AB6 /* TestGit */,
				E93A76E21C5BD54E00CC2AB6 /* TestGitTests */,
				E93A76ED1C5BD54E00CC2AB6 /* TestGitUITests */,
			);
		};
/* End PBXProject section */

/* Begin PBXResourcesBuildPhase section */
		E93A76C81C5BD54E00CC2AB6 /* Resources */ = {
			isa = PBXResourcesBuildPhase;
			buildActionMask = 2147483647;
			files = (
				E93A76DD1C5BD54E00CC2AB6 /* LaunchScreen.storyboard in Resources */,
				E93A76DA1C5BD54E00CC2AB6 /* Assets.xcassets in Resources */,
				E93A76D81C5BD54E00CC2AB6 /* Main.storyboard in Resources */,
			);
			runOnlyForDeploymentPostprocessing = 0;
		};
		E93A76E11C5BD54E00CC2AB6 /* Resources */ = {
			isa = PBXResourcesBuildPhase;
			buildActionMask = 2147483647;
			files = (
			);
			runOnlyForDeploymentPostprocessing = 0;
		};
		E93A76EC1C5BD54E00CC2AB6 /* Resources */ = {
			isa = PBXResourcesBuildPhase;
			buildActionMask = 2147483647;
			files = (
			);
			runOnlyForDeploymentPostprocessing = 0;
		};
/* End PBXResourcesBuildPhase section */

/* Begin PBXSourcesBuildPhase section */
		E93A76C61C5BD54E00CC2AB6 /* Sources */ = {
			isa = PBXSourcesBuildPhase;
			buildActionMask = 2147483647;
			files = (
				E93A76D51C5BD54E00CC2AB6 /* ViewController.m in Sources */,
				E93A76D21C5BD54E00CC2AB6 /* AppDelegate.m in Sources */,
				E93A76CF1C5BD54E00CC2AB6 /* main.m in Sources */,
			);
			runOnlyForDeploymentPostprocessing = 0;
		};
		E93A76DF1C5BD54E00CC2AB6 /* Sources */ = {
			isa = PBXSourcesBuildPhase;
			buildActionMask = 2147483647;
			files = (
				E93A76E81C5BD54E00CC2AB6 /* TestGitTests.m in Sources */,
			);
			runOnlyForDeploymentPostprocessing = 0;
		};
		E93A76EA1C5BD54E00CC2AB6 /* Sources */ = {
			isa = PBXSourcesBuildPhase;
			buildActionMask = 2147483647;
			files = (
				E93A76F31C5BD54E00CC2AB6 /* TestGitUITests.m in Sources */,
			);
			runOnlyForDeploymentPostprocessing = 0;
		};
/* End PBXSourcesBuildPhase section */

/* Begin PBXTargetDependency section */
		E93A76E51C5BD54E00CC2AB6 /* PBXTargetDependency */ = {
			isa = PBXTargetDependency;
			target = E93A76C91C5BD54E00CC2AB6 /* TestGit */;
			targetProxy = E93A76E41C5BD54E00CC2AB6 /* PBXContainerItemProxy */;
		};
		E93A76F01C5BD54E00CC2AB6 /* PBXTargetDependency */ = {
			isa = PBXTargetDependency;
			target = E93A76C91C5BD54E00CC2AB6 /* TestGit */;
			targetProxy = E93A76EF1C5BD54E00CC2AB6 /* PBXContainerItemProxy */;
		};
/* End PBXTargetDependency section */

/* Begin PBXVariantGroup section */
		E93A76D61C5BD54E00CC2AB6 /* Main.storyboard */ = {
			isa = PBXVariantGroup;
			children = (
				E93A76D71C5BD54E00CC2AB6 /* Base */,
			);
			name = Main.storyboard;
			sourceTree = "<group>";
		};
		E93A76DB1C5BD54E00CC2AB6 /* LaunchScreen.storyboard */ = {
			isa = PBXVariantGroup;
			children = (
				E93A76DC1C5BD54E00CC2AB6 /* Base */,
			);
			name = LaunchScreen.storyboard;
			sourceTree = "<group>";
		};
/* End PBXVariantGroup section */

/* Begin XCBuildConfiguration section */
		E93A76F51C5BD54E00CC2AB6 /* Debug */ = {
			isa = XCBuildConfiguration;
			buildSettings = {
				ALWAYS_SEARCH_USER_PATHS = NO;
				CLANG_CXX_LANGUAGE_STANDARD = "gnu++0x";
				CLANG_CXX_LIBRARY = "libc++";
				CLANG_ENABLE_MODULES = YES;
				CLANG_ENABLE_OBJC_ARC = YES;
				CLANG_WARN_BOOL_CONVERSION = YES;
				CLANG_WARN_CONSTANT_CONVERSION = YES;
				CLANG_WARN_DIRECT_OBJC_ISA_USAGE = YES_ERROR;
				CLANG_WARN_EMPTY_BODY = YES;
				CLANG_WARN_ENUM_CONVERSION = YES;
				CLANG_WARN_INT_CONVERSION = YES;
				CLANG_WARN_OBJC_ROOT_CLASS = YES_ERROR;
				CLANG_WARN_UNREACHABLE_CODE = YES;
				CLANG_WARN__DUPLICATE_METHOD_MATCH = YES;
				"CODE_SIGN_IDENTITY[sdk=iphoneos*]" = "iPhone Developer";
				COPY_PHASE_STRIP = NO;
				DEBUG_INFORMATION_FORMAT = dwarf;
				ENABLE_STRICT_OBJC_MSGSEND = YES;
				ENABLE_TESTABILITY = YES;
				GCC_C_LANGUAGE_STANDARD = gnu99;
				GCC_DYNAMIC_NO_PIC = NO;
				GCC_NO_COMMON_BLOCKS = YES;
				GCC_OPTIMIZATION_LEVEL = 0;
				GCC_PREPROCESSOR_DEFINITIONS = (
					"DEBUG=1",
					"$(inherited)",
				);
				GCC_WARN_64_TO_32_BIT_CONVERSION = YES;
				GCC_WARN_ABOUT_RETURN_TYPE = YES_ERROR;
				GCC_WARN_UNDECLARED_SELECTOR = YES;
				GCC_WARN_UNINITIALIZED_AUTOS = YES_AGGRESSIVE;
				GCC_WARN_UNUSED_FUNCTION = YES;
				GCC_WARN_UNUSED_VARIABLE = YES;
				IPHONEOS_DEPLOYMENT_TARGET = 9.2;
				MTL_ENABLE_DEBUG_INFO = YES;
				ONLY_ACTIVE_ARCH = YES;
				SDKROOT = iphoneos;
				TARGETED_DEVICE_FAMILY = "1,2";
			};
			name = Debug;
		};
		E93A76F61C5BD54E00CC2AB6 /* Release */ = {
			isa = XCBuildConfiguration;
			buildSettings = {
				ALWAYS_SEARCH_USER_PATHS = NO;
				CLANG_CXX_LANGUAGE_STANDARD = "gnu++0x";
				CLANG_CXX_LIBRARY = "libc++";
				CLANG_ENABLE_MODULES = YES;
				CLANG_ENABLE_OBJC_ARC = YES;
				CLANG_WARN_BOOL_CONVERSION = YES;
				CLANG_WARN_CONSTANT_CONVERSION = YES;
				CLANG_WARN_DIRECT_OBJC_ISA_USAGE = YES_ERROR;
				CLANG_WARN_EMPTY_BODY = YES;
				CLANG_WARN_ENUM_CONVERSION = YES;
				CLANG_WARN_INT_CONVERSION = YES;
				CLANG_WARN_OBJC_ROOT_CLASS = YES_ERROR;
				CLANG_WARN_UNREACHABLE_CODE = YES;
				CLANG_WARN__DUPLICATE_METHOD_MATCH = YES;
				"CODE_SIGN_IDENTITY[sdk=iphoneos*]" = "iPhone Developer";
				COPY_PHASE_STRIP = NO;
				DEBUG_INFORMATION_FORMAT = "dwarf-with-dsym";
				ENABLE_NS_ASSERTIONS = NO;
				ENABLE_STRICT_OBJC_MSGSEND = YES;
				GCC_C_LANGUAGE_STANDARD = gnu99;
				GCC_NO_COMMON_BLOCKS = YES;
				GCC_WARN_64_TO_32_BIT_CONVERSION = YES;
				GCC_WARN_ABOUT_RETURN_TYPE = YES_ERROR;
				GCC_WARN_UNDECLARED_SELECTOR = YES;
				GCC_WARN_UNINITIALIZED_AUTOS = YES_AGGRESSIVE;
				GCC_WARN_UNUSED_FUNCTION = YES;
				GCC_WARN_UNUSED_VARIABLE = YES;
				IPHONEOS_DEPLOYMENT_TARGET = 9.2;
				MTL_ENABLE_DEBUG_INFO = NO;
				SDKROOT = iphoneos;
				TARGETED_DEVICE_FAMILY = "1,2";
				VALIDATE_PRODUCT = YES;
			};
			name = Release;
		};
		E93A76F81C5BD54E00CC2AB6 /* Debug */ = {
			isa = XCBuildConfiguration;
			buildSettings = {
				ASSETCATALOG_COMPILER_APPICON_NAME = AppIcon;
				INFOPLIST_FILE = TestGit/Info.plist;
				LD_RUNPATH_SEARCH_PATHS = "$(inherited) @executable_path/Frameworks";
				PRODUCT_BUNDLE_IDENTIFIER = mx.Alfigren.TestGit;
				PRODUCT_NAME = "$(TARGET_NAME)";
			};
			name = Debug;
		};
		E93A76F91C5BD54E00CC2AB6 /* Release */ = {
			isa = XCBuildConfiguration;
			buildSettings = {
				ASSETCATALOG_COMPILER_APPICON_NAME = AppIcon;
				INFOPLIST_FILE = TestGit/Info.plist;
				LD_RUNPATH_SEARCH_PATHS = "$(inherited) @executable_path/Frameworks";
				PRODUCT_BUNDLE_IDENTIFIER = mx.Alfigren.TestGit;
				PRODUCT_NAME = "$(TARGET_NAME)";
			};
			name = Release;
		};
		E93A76FB1C5BD54E00CC2AB6 /* Debug */ = {
			isa = XCBuildConfiguration;
			buildSettings = {
				BUNDLE_LOADER = "$(TEST_HOST)";
				INFOPLIST_FILE = TestGitTests/Info.plist;
				LD_RUNPATH_SEARCH_PATHS = "$(inherited) @executable_path/Frameworks @loader_path/Frameworks";
				PRODUCT_BUNDLE_IDENTIFIER = mx.Alfigren.TestGitTests;
				PRODUCT_NAME = "$(TARGET_NAME)";
				TEST_HOST = "$(BUILT_PRODUCTS_DIR)/TestGit.app/TestGit";
			};
			name = Debug;
		};
		E93A76FC1C5BD54E00CC2AB6 /* Release */ = {
			isa = XCBuildConfiguration;
			buildSettings = {
				BUNDLE_LOADER = "$(TEST_HOST)";
				INFOPLIST_FILE = TestGitTests/Info.plist;
				LD_RUNPATH_SEARCH_PATHS = "$(inherited) @executable_path/Frameworks @loader_path/Frameworks";
				PRODUCT_BUNDLE_IDENTIFIER = mx.Alfigren.TestGitTests;
				PRODUCT_NAME = "$(TARGET_NAME)";
				TEST_HOST = "$(BUILT_PRODUCTS_DIR)/TestGit.app/TestGit";
			};
			name = Release;
		};
		E93A76FE1C5BD54E00CC2AB6 /* Debug */ = {
			isa = XCBuildConfiguration;
			buildSettings = {
				INFOPLIST_FILE = TestGitUITests/Info.plist;
				LD_RUNPATH_SEARCH_PATHS = "$(inherited) @executable_path/Frameworks @loader_path/Frameworks";
				PRODUCT_BUNDLE_IDENTIFIER = mx.Alfigren.TestGitUITests;
				PRODUCT_NAME = "$(TARGET_NAME)";
				TEST_TARGET_NAME = TestGit;
				USES_XCTRUNNER = YES;
			};
			name = Debug;
		};
		E93A76FF1C5BD54E00CC2AB6 /* Release */ = {
			isa = XCBuildConfiguration;
			buildSettings = {
				INFOPLIST_FILE = TestGitUITests/Info.plist;
				LD_RUNPATH_SEARCH_PATHS = "$(inherited) @executable_path/Frameworks @loader_path/Frameworks";
				PRODUCT_BUNDLE_IDENTIFIER = mx.Alfigren.TestGitUITests;
				PRODUCT_NAME = "$(TARGET_NAME)";
				TEST_TARGET_NAME = TestGit;
				USES_XCTRUNNER = YES;
			};
			name = Release;
		};
/* End XCBuildConfiguration section */

/* Begin XCConfigurationList section */
		E93A76C51C5BD54E00CC2AB6 /* Build configuration list for PBXProject "TestGit" */ = {
			isa = XCConfigurationList;
			buildConfigurations = (
				E93A76F51C5BD54E00CC2AB6 /* Debug */,
				E93A76F61C5BD54E00CC2AB6 /* Release */,
			);
			defaultConfigurationIsVisible = 0;
			defaultConfigurationName = Release;
		};
		E93A76F71C5BD54E00CC2AB6 /* Build configuration list for PBXNativeTarget "TestGit" */ = {
			isa = XCConfigurationList;
			buildConfigurations = (
				E93A76F81C5BD54E00CC2AB6 /* Debug */,
				E93A76F91C5BD54E00CC2AB6 /* Release */,
			);
			defaultConfigurationIsVisible = 0;
		};
		E93A76FA1C5BD54E00CC2AB6 /* Build configuration list for PBXNativeTarget "TestGitTests" */ = {
			isa = XCConfigurationList;
			buildConfigurations = (
				E93A76FB1C5BD54E00CC2AB6 /* Debug */,
				E93A76FC1C5BD54E00CC2AB6 /* Release */,
			);
			defaultConfigurationIsVisible = 0;
		};
		E93A76FD1C5BD54E00CC2AB6 /* Build configuration list for PBXNativeTarget "TestGitUITests" */ = {
			isa = XCConfigurationList;
			buildConfigurations = (
				E93A76FE1C5BD54E00CC2AB6 /* Debug */,
				E93A76FF1C5BD54E00CC2AB6 /* Release */,
			);
			defaultConfigurationIsVisible = 0;
		};
/* End XCConfigurationList section */
	};
	rootObject = E93A76C21C5BD54E00CC2AB6 /* Project object */;
}
